
Microsoft Visual Studio Solution File, Format Version 12.00
# Visual Studio Version 17
VisualStudioVersion = 17.0.32112.339
MinimumVisualStudioVersion = 10.0.40219.1
Project("{FAE04EC0-301F-11D3-BF4B-00C04F79EFBC}") = "TitanicPredictor", "TitanicPredictor\TitanicPredictor.csproj", "{49FF698D-5802-4C90-95DA-51424B572AF2}"
EndProject
Global
	GlobalSection(SolutionConfigurationPlatforms) = preSolution
		Debug|Any CPU = Debug|Any CPU
		Release|Any CPU = Release|Any CPU
	EndGlobalSection
	GlobalSection(ProjectConfigurationPlatforms) = postSolution
		{49FF698D-5802-4C90-95DA-51424B572AF2}.Debug|Any CPU.ActiveCfg = Debug|Any CPU
		{49FF698D-5802-4C90-95DA-51424B572AF2}.Debug|Any CPU.Build.0 = Debug|Any CPU
		{49FF698D-5802-4C90-95DA-51424B572AF2}.Release|Any CPU.ActiveCfg = Release|Any CPU
		{49FF698D-5802-4C90-95DA-51424B572AF2}.Release|Any CPU.Build.0 = Release|Any CPU
	EndGlobalSection
	GlobalSection(SolutionProperties) = preSolution
		HideSolutionNode = FALSE
	EndGlobalSection
	GlobalSection(ExtensibilityGlobals) = postSolution
		SolutionGuid = {9D8E04BC-B53F-4728-AD54-F631B9617B7E}
	EndGlobalSection
EndGlobal
